<?xml version="1.0" encoding="utf-8"?>
<Project ToolsVersion="4.0" xmlns="http://schemas.microsoft.com/developer/msbuild/2003">
  <ItemGroup>
    <Filter Include="Source Files">
      <UniqueIdentifier>{4FC737F1-C7A5-4376-A066-2A32D752A2FF}</UniqueIdentifier>
      <Extensions>cpp;c;cc;cxx;def;odl;idl;hpj;bat;asm;asmx</Extensions>
    </Filter>
    <Filter Include="Header Files">
      <UniqueIdentifier>{93995380-89BD-4b04-88EB-625FBE52EBFB}</UniqueIdentifier>
      <Extensions>h;hh;hpp;hxx;hm;inl;inc;xsd</Extensions>
    </Filter>
    <Filter Include="Resource Files">
      <UniqueIdentifier>{67DA6AB6-F800-4c08-8B7A-83BB121AAD01}</UniqueIdentifier>
      <Extensions>rc;ico;cur;bmp;dlg;rc2;rct;bin;rgs;gif;jpg;jpeg;jpe;resx;tiff;tif;png;wav;mfcribbon-ms</Extensions>
    </Filter>
    <Filter Include="Header Files\Rendering">
      <UniqueIdentifier>{4a681eed-8e7d-4431-9635-e5ea2f04d20d}</UniqueIdentifier>
    </Filter>
    <Filter Include="Source Files\Rendering">
      <UniqueIdentifier>{96799217-0c5b-4ec9-8b98-f75bb361ade9}</UniqueIdentifier>
    </Filter>
    <Filter Include="Header Files\Rendering\D3D">
      <UniqueIdentifier>{d4a01008-b3d8-420f-9d7b-d4658dcd8772}</UniqueIdentifier>
    </Filter>
    <Filter Include="Header Files\Rendering\Renderer Systems">
      <UniqueIdentifier>{28e9b89c-5f48-441d-bbaa-839066fef9a5}</UniqueIdentifier>
    </Filter>
    <Filter Include="Source Files\Rendering\Render Systems">
      <UniqueIdentifier>{55900c6f-289d-45b5-8510-78a8e9dcc28b}</UniqueIdentifier>
    </Filter>
    <Filter Include="Source Files\Rendering\D3D">
      <UniqueIdentifier>{3df6d9eb-2e9b-4e14-9e67-1599610f31c5}</UniqueIdentifier>
    </Filter>
    <Filter Include="Header Files\Math">
      <UniqueIdentifier>{6fbd4fb8-407c-48df-b045-2406fd2c3477}</UniqueIdentifier>
    </Filter>
    <Filter Include="Source Files\Math">
      <UniqueIdentifier>{4e8ec7bd-4963-4191-9b3f-89de09e76bc2}</UniqueIdentifier>
    </Filter>
    <Filter Include="Source Files\Time">
      <UniqueIdentifier>{e94e9983-5010-4471-9d46-3bc89afa8943}</UniqueIdentifier>
    </Filter>
    <Filter Include="Header Files\Time">
      <UniqueIdentifier>{d94ac8af-b78d-428b-9da9-7415dbcc0ce6}</UniqueIdentifier>
    </Filter>
    <Filter Include="Header Files\Input">
      <UniqueIdentifier>{1bdf4a11-02ab-4495-b2b6-ec63da7d11a2}</UniqueIdentifier>
    </Filter>
    <Filter Include="Source Files\Input">
      <UniqueIdentifier>{42d8c866-cf03-4577-8efa-4403694ac544}</UniqueIdentifier>
    </Filter>
    <Filter Include="Source Files\Util">
      <UniqueIdentifier>{093b557c-a123-4cc3-8cd7-9fe014909148}</UniqueIdentifier>
    </Filter>
    <Filter Include="Header Files\Util">
      <UniqueIdentifier>{a27dfe53-a260-44d6-bed5-6de03e8cd113}</UniqueIdentifier>
    </Filter>
    <Filter Include="Resource Files\TextureFuncShaders">
      <UniqueIdentifier>{99b4c445-4350-4bc4-8df2-ec8086989530}</UniqueIdentifier>
    </Filter>
    <Filter Include="Resource Files\SystemShaders">
      <UniqueIdentifier>{68315d72-dfc3-4bab-afb0-e2c2f0d47ba1}</UniqueIdentifier>
    </Filter>
    <Filter Include="Header Files\Resource">
      <UniqueIdentifier>{5434a6a5-5604-4c15-9b55-e2f6e0ec7282}</UniqueIdentifier>
    </Filter>
    <Filter Include="Source Files\Resource">
      <UniqueIdentifier>{47704be3-2c9a-4ef7-9882-2d0e37d377c5}</UniqueIdentifier>
    </Filter>
  </ItemGroup>
  <ItemGroup>
    <Text Include="ReadMe.txt" />
  </ItemGroup>
  <ItemGroup>
    <ClInclude Include="Camera.h">
      <Filter>Header Files\Rendering</Filter>
    </ClInclude>
    <ClInclude Include="DrawableObject.h">
      <Filter>Header Files\Rendering</Filter>
    </ClInclude>
    <ClInclude Include="BaseDrawable.h">
      <Filter>Header Files\Rendering</Filter>
    </ClInclude>
    <ClInclude Include="Mesh.h">
      <Filter>Header Files\Rendering\D3D</Filter>
    </ClInclude>
    <ClInclude Include="PixelShader.h">
      <Filter>Header Files\Rendering\D3D</Filter>
    </ClInclude>
    <ClInclude Include="RenderContext.h">
      <Filter>Header Files\Rendering\D3D</Filter>
    </ClInclude>
    <ClInclude Include="Sampler.h">
      <Filter>Header Files\Rendering\D3D</Filter>
    </ClInclude>
    <ClInclude Include="Texture.h">
      <Filter>Header Files\Rendering\D3D</Filter>
    </ClInclude>
    <ClInclude Include="VertexShader.h">
      <Filter>Header Files\Rendering\D3D</Filter>
    </ClInclude>
    <ClInclude Include="RenderTarget.h">
      <Filter>Header Files\Rendering\D3D</Filter>
    </ClInclude>
    <ClInclude Include="ConstantBuffer.h">
      <Filter>Header Files\Rendering\D3D</Filter>
    </ClInclude>
    <ClInclude Include="ComputeShader.h">
      <Filter>Header Files\Rendering\D3D</Filter>
    </ClInclude>
    <ClInclude Include="DepthPyramidRenderer.h">
      <Filter>Header Files\Rendering\Renderer Systems</Filter>
    </ClInclude>
    <ClInclude Include="DirectLightingRenderer.h">
      <Filter>Header Files\Rendering\Renderer Systems</Filter>
    </ClInclude>
    <ClInclude Include="IndirectLightingRenderer.h">
      <Filter>Header Files\Rendering\Renderer Systems</Filter>
    </ClInclude>
    <ClInclude Include="LightComposeRenderer.h">
      <Filter>Header Files\Rendering\Renderer Systems</Filter>
    </ClInclude>
    <ClInclude Include="ReflectionRenderer.h">
      <Filter>Header Files\Rendering\Renderer Systems</Filter>
    </ClInclude>
    <ClInclude Include="PostProcessRenderer.h">
      <Filter>Header Files\Rendering\Renderer Systems</Filter>
    </ClInclude>
    <ClInclude Include="ShadowRenderer.h">
      <Filter>Header Files\Rendering\Renderer Systems</Filter>
    </ClInclude>
    <ClInclude Include="TAARenderer.h">
      <Filter>Header Files\Rendering\Renderer Systems</Filter>
    </ClInclude>
    <ClInclude Include="DDSTextureLoader.h">
      <Filter>Header Files\Rendering\D3D</Filter>
    </ClInclude>
    <ClInclude Include="DepthStencilTarget.h">
      <Filter>Header Files\Rendering\D3D</Filter>
    </ClInclude>
    <ClInclude Include="Time.h">
      <Filter>Header Files\Time</Filter>
    </ClInclude>
    <ClInclude Include="Timer.h">
      <Filter>Header Files\Time</Filter>
    </ClInclude>
    <ClInclude Include="Input.h">
      <Filter>Header Files\Input</Filter>
    </ClInclude>
    <ClInclude Include="InputListener.h">
      <Filter>Header Files\Input</Filter>
    </ClInclude>
    <ClInclude Include="Window.h">
      <Filter>Header Files\Rendering</Filter>
    </ClInclude>
    <ClInclude Include="FileUtil.h">
      <Filter>Header Files\Util</Filter>
    </ClInclude>
    <ClInclude Include="Material.h">
      <Filter>Header Files\Rendering\D3D</Filter>
    </ClInclude>
    <ClInclude Include="GBuffer.h">
      <Filter>Header Files\Rendering\D3D</Filter>
    </ClInclude>
    <ClInclude Include="TextureUtil.h">
      <Filter>Header Files\Util</Filter>
    </ClInclude>
    <ClInclude Include="GaagCommon.h">
      <Filter>Header Files</Filter>
    </ClInclude>
    <ClInclude Include="DeferredRenderer.h">
      <Filter>Header Files\Rendering</Filter>
    </ClInclude>
    <ClInclude Include="GaagFramework.h">
      <Filter>Header Files</Filter>
    </ClInclude>
    <ClInclude Include="Gaag.h">
      <Filter>Header Files</Filter>
    </ClInclude>
    <ClInclude Include="rect.h">
      <Filter>Header Files\Math</Filter>
    </ClInclude>
    <ClInclude Include="GaagMath.h">
      <Filter>Header Files\Math</Filter>
    </ClInclude>
    <ClInclude Include="CameraController.h">
      <Filter>Header Files\Input</Filter>
    </ClInclude>
    <ClInclude Include="ResourceFactory.h">
      <Filter>Header Files\Resource</Filter>
    </ClInclude>
    <ClInclude Include="BaseResource.h">
      <Filter>Header Files\Resource</Filter>
    </ClInclude>
    <ClInclude Include="PointLight.h">
      <Filter>Header Files\Rendering</Filter>
    </ClInclude>
  </ItemGroup>
  <ItemGroup>
    <ClCompile Include="DrawableObject.cpp">
      <Filter>Source Files\Rendering</Filter>
    </ClCompile>
    <ClCompile Include="DeferredRenderer.cpp">
      <Filter>Source Files\Rendering\Render Systems</Filter>
    </ClCompile>
    <ClCompile Include="DepthPyramidRenderer.cpp">
      <Filter>Source Files\Rendering\Render Systems</Filter>
    </ClCompile>
    <ClCompile Include="DirectLightingRenderer.cpp">
      <Filter>Source Files\Rendering\Render Systems</Filter>
    </ClCompile>
    <ClCompile Include="IndirectLightingRenderer.cpp">
      <Filter>Source Files\Rendering\Render Systems</Filter>
    </ClCompile>
    <ClCompile Include="LightComposeRenderer.cpp">
      <Filter>Source Files\Rendering\Render Systems</Filter>
    </ClCompile>
    <ClCompile Include="PostProcessRenderer.cpp">
      <Filter>Source Files\Rendering\Render Systems</Filter>
    </ClCompile>
    <ClCompile Include="ReflectionRenderer.cpp">
      <Filter>Source Files\Rendering\Render Systems</Filter>
    </ClCompile>
    <ClCompile Include="ShadowRenderer.cpp">
      <Filter>Source Files\Rendering\Render Systems</Filter>
    </ClCompile>
    <ClCompile Include="TAARenderer.cpp">
      <Filter>Source Files\Rendering\Render Systems</Filter>
    </ClCompile>
    <ClCompile Include="ComputeShader.cpp">
      <Filter>Source Files\Rendering\D3D</Filter>
    </ClCompile>
    <ClCompile Include="ConstantBuffer.cpp">
      <Filter>Source Files\Rendering\D3D</Filter>
    </ClCompile>
    <ClCompile Include="DDSTextureLoader.cpp">
      <Filter>Source Files\Rendering\D3D</Filter>
    </ClCompile>
    <ClCompile Include="VertexShader.cpp">
      <Filter>Source Files\Rendering\D3D</Filter>
    </ClCompile>
    <ClCompile Include="Mesh.cpp">
      <Filter>Source Files\Rendering\D3D</Filter>
    </ClCompile>
    <ClCompile Include="PixelShader.cpp">
      <Filter>Source Files\Rendering\D3D</Filter>
    </ClCompile>
    <ClCompile Include="RenderContext.cpp">
      <Filter>Source Files\Rendering\D3D</Filter>
    </ClCompile>
    <ClCompile Include="RenderTarget.cpp">
      <Filter>Source Files\Rendering\D3D</Filter>
    </ClCompile>
    <ClCompile Include="Sampler.cpp">
      <Filter>Source Files\Rendering\D3D</Filter>
    </ClCompile>
    <ClCompile Include="Texture.cpp">
      <Filter>Source Files\Rendering\D3D</Filter>
    </ClCompile>
    <ClCompile Include="Camera.cpp">
      <Filter>Source Files\Rendering</Filter>
    </ClCompile>
    <ClCompile Include="DepthStencilTarget.cpp">
      <Filter>Source Files\Rendering\D3D</Filter>
    </ClCompile>
    <ClCompile Include="Time.cpp">
      <Filter>Source Files\Time</Filter>
    </ClCompile>
    <ClCompile Include="Timer.cpp">
      <Filter>Source Files\Time</Filter>
    </ClCompile>
    <ClCompile Include="Input.cpp">
      <Filter>Source Files\Input</Filter>
    </ClCompile>
    <ClCompile Include="InputListener.cpp">
      <Filter>Source Files\Input</Filter>
    </ClCompile>
    <ClCompile Include="Window.cpp">
      <Filter>Source Files\Rendering</Filter>
    </ClCompile>
    <ClCompile Include="FileUtil.cpp">
      <Filter>Source Files\Util</Filter>
    </ClCompile>
    <ClCompile Include="GBuffer.cpp">
      <Filter>Source Files\Rendering\D3D</Filter>
    </ClCompile>
    <ClCompile Include="Material.cpp">
      <Filter>Source Files\Rendering\D3D</Filter>
    </ClCompile>
    <ClCompile Include="TextureUtil.cpp">
      <Filter>Source Files\Util</Filter>
    </ClCompile>
    <ClCompile Include="GaagFramework.cpp" />
    <ClCompile Include="CameraController.cpp">
      <Filter>Source Files\Input</Filter>
    </ClCompile>
    <ClCompile Include="ResourceFactory.cpp">
      <Filter>Source Files\Resource</Filter>
    </ClCompile>
    <ClCompile Include="PointLight.cpp">
      <Filter>Source Files\Rendering</Filter>
    </ClCompile>
  </ItemGroup>
  <ItemGroup>
    <FxCompile Include="Shaders\BasicFragmentShader.hlsl">
      <Filter>Resource Files\SystemShaders</Filter>
    </FxCompile>
    <FxCompile Include="Shaders\BasicVertexShader.hlsl">
      <Filter>Resource Files\SystemShaders</Filter>
    </FxCompile>
    <FxCompile Include="Shaders\DepthPyramidCompute.hlsl">
      <Filter>Resource Files\SystemShaders</Filter>
    </FxCompile>
    <FxCompile Include="Shaders\DirectLightingCompute.hlsl">
      <Filter>Resource Files\SystemShaders</Filter>
    </FxCompile>
    <FxCompile Include="Shaders\FullScreenQuadPixelShader.hlsl">
      <Filter>Resource Files\SystemShaders</Filter>
    </FxCompile>
    <FxCompile Include="Shaders\FullScreenQuadVertexShader.hlsl">
      <Filter>Resource Files\SystemShaders</Filter>
    </FxCompile>
    <FxCompile Include="Shaders\IndirectLightingCompute.hlsl">
      <Filter>Resource Files\SystemShaders</Filter>
    </FxCompile>
    <FxCompile Include="Shaders\PostProcessCompute.hlsl">
      <Filter>Resource Files\SystemShaders</Filter>
    </FxCompile>
    <FxCompile Include="Shaders\ReflectionCompute.hlsl">
      <Filter>Resource Files\SystemShaders</Filter>
    </FxCompile>
    <FxCompile Include="Shaders\TemporalAACompute.hlsl">
      <Filter>Resource Files\SystemShaders</Filter>
    </FxCompile>
    <FxCompile Include="Shaders\LightComposeCompute.hlsl">
      <Filter>Resource Files\SystemShaders</Filter>
    </FxCompile>
    <FxCompile Include="Shaders\CopyCompute.hlsl">
      <Filter>Resource Files\SystemShaders</Filter>
    </FxCompile>
    <FxCompile Include="TextureFuncShaders\TextureAdd.hlsl">
      <Filter>Resource Files\TextureFuncShaders</Filter>
    </FxCompile>
    <FxCompile Include="TextureFuncShaders\TextureBlend.hlsl">
      <Filter>Resource Files\TextureFuncShaders</Filter>
    </FxCompile>
    <FxCompile Include="TextureFuncShaders\TextureClamp.hlsl">
      <Filter>Resource Files\TextureFuncShaders</Filter>
    </FxCompile>
    <FxCompile Include="TextureFuncShaders\TextureCopy.hlsl">
      <Filter>Resource Files\TextureFuncShaders</Filter>
    </FxCompile>
    <FxCompile Include="TextureFuncShaders\TextureDiv.hlsl">
      <Filter>Resource Files\TextureFuncShaders</Filter>
    </FxCompile>
    <FxCompile Include="TextureFuncShaders\TextureMax.hlsl">
      <Filter>Resource Files\TextureFuncShaders</Filter>
    </FxCompile>
    <FxCompile Include="TextureFuncShaders\TextureMin.hlsl">
      <Filter>Resource Files\TextureFuncShaders</Filter>
    </FxCompile>
    <FxCompile Include="TextureFuncShaders\TextureMul.hlsl">
      <Filter>Resource Files\TextureFuncShaders</Filter>
    </FxCompile>
    <FxCompile Include="TextureFuncShaders\TextureSet.hlsl">
      <Filter>Resource Files\TextureFuncShaders</Filter>
    </FxCompile>
    <FxCompile Include="TextureFuncShaders\TextureSub.hlsl">
      <Filter>Resource Files\TextureFuncShaders</Filter>
    </FxCompile>
    <FxCompile Include="TextureFuncShaders\TextureTreshold.hlsl">
      <Filter>Resource Files\TextureFuncShaders</Filter>
    </FxCompile>
    <FxCompile Include="TextureFuncShaders\TextureAddConstant.hlsl">
      <Filter>Resource Files\TextureFuncShaders</Filter>
    </FxCompile>
    <FxCompile Include="TextureFuncShaders\TextureBlendConstant.hlsl">
      <Filter>Resource Files\TextureFuncShaders</Filter>
    </FxCompile>
    <FxCompile Include="TextureFuncShaders\TextureClampConstant.hlsl">
      <Filter>Resource Files\TextureFuncShaders</Filter>
    </FxCompile>
    <FxCompile Include="TextureFuncShaders\TextureDivConstant.hlsl">
      <Filter>Resource Files\TextureFuncShaders</Filter>
    </FxCompile>
    <FxCompile Include="TextureFuncShaders\TextureMaxConstant.hlsl">
      <Filter>Resource Files\TextureFuncShaders</Filter>
    </FxCompile>
    <FxCompile Include="TextureFuncShaders\TextureMinConstant.hlsl">
      <Filter>Resource Files\TextureFuncShaders</Filter>
    </FxCompile>
    <FxCompile Include="TextureFuncShaders\TextureMulConstant.hlsl">
      <Filter>Resource Files\TextureFuncShaders</Filter>
    </FxCompile>
    <FxCompile Include="TextureFuncShaders\TextureSubConstant.hlsl">
      <Filter>Resource Files\TextureFuncShaders</Filter>
    </FxCompile>
    <FxCompile Include="TextureFuncShaders\TextureTresholdConstant.hlsl">
      <Filter>Resource Files\TextureFuncShaders</Filter>
    </FxCompile>
    <FxCompile Include="TextureFuncShaders\TextureStitchEast.hlsl">
      <Filter>Resource Files\TextureFuncShaders</Filter>
    </FxCompile>
    <FxCompile Include="TextureFuncShaders\TextureStitchNorth.hlsl">
      <Filter>Resource Files\TextureFuncShaders</Filter>
    </FxCompile>
    <FxCompile Include="TextureFuncShaders\TextureStitchSouth.hlsl">
      <Filter>Resource Files\TextureFuncShaders</Filter>
    </FxCompile>
    <FxCompile Include="TextureFuncShaders\TextureStitchWest.hlsl">
      <Filter>Resource Files\TextureFuncShaders</Filter>
    </FxCompile>
  </ItemGroup>
  <ItemGroup>
    <None Include="Shaders\LibLight.hlsli">
      <Filter>Resource Files\SystemShaders</Filter>
    </None>
    <None Include="Shaders\LibHelper.hlsli">
      <Filter>Resource Files\SystemShaders</Filter>
    </None>
  </ItemGroup>
</Project>