<?xml version="1.0" encoding="utf-8"?>
<Project ToolsVersion="4.0" xmlns="http://schemas.microsoft.com/developer/msbuild/2003">
  <ItemGroup>
    <Filter Include="Source Files">
      <UniqueIdentifier>{4FC737F1-C7A5-4376-A066-2A32D752A2FF}</UniqueIdentifier>
      <Extensions>cpp;c;cc;cxx;def;odl;idl;hpj;bat;asm;asmx</Extensions>
    </Filter>
    <Filter Include="Header Files">
      <UniqueIdentifier>{93995380-89BD-4b04-88EB-625FBE52EBFB}</UniqueIdentifier>
      <Extensions>h;hh;hpp;hxx;hm;inl;inc;xsd</Extensions>
    </Filter>
    <Filter Include="Resource Files">
      <UniqueIdentifier>{67DA6AB6-F800-4c08-8B7A-83BB121AAD01}</UniqueIdentifier>
      <Extensions>rc;ico;cur;bmp;dlg;rc2;rct;bin;rgs;gif;jpg;jpeg;jpe;resx;tiff;tif;png;wav;mfcribbon-ms</Extensions>
    </Filter>
    <Filter Include="Shaders">
      <UniqueIdentifier>{68315d72-dfc3-4bab-afb0-e2c2f0d47ba1}</UniqueIdentifier>
    </Filter>
    <Filter Include="Textures">
      <UniqueIdentifier>{a42eb6e4-fde0-4f80-ba2e-e3e131ae23c4}</UniqueIdentifier>
    </Filter>
    <Filter Include="Models">
      <UniqueIdentifier>{fbb94a09-c2b6-4188-b686-6fe39d33cce2}</UniqueIdentifier>
    </Filter>
    <Filter Include="Header Files\Rendering">
      <UniqueIdentifier>{4a681eed-8e7d-4431-9635-e5ea2f04d20d}</UniqueIdentifier>
    </Filter>
    <Filter Include="Source Files\Rendering">
      <UniqueIdentifier>{96799217-0c5b-4ec9-8b98-f75bb361ade9}</UniqueIdentifier>
    </Filter>
    <Filter Include="Header Files\Terrain">
      <UniqueIdentifier>{e4667f6a-fc45-4310-818c-6066118f79c6}</UniqueIdentifier>
    </Filter>
    <Filter Include="Source Files\Terrain">
      <UniqueIdentifier>{818081d8-01ba-456a-86fa-f0fc28e9f163}</UniqueIdentifier>
    </Filter>
    <Filter Include="Header Files\Rendering\D3D">
      <UniqueIdentifier>{d4a01008-b3d8-420f-9d7b-d4658dcd8772}</UniqueIdentifier>
    </Filter>
    <Filter Include="Header Files\Rendering\Renderer Systems">
      <UniqueIdentifier>{28e9b89c-5f48-441d-bbaa-839066fef9a5}</UniqueIdentifier>
    </Filter>
    <Filter Include="Source Files\Rendering\Render Systems">
      <UniqueIdentifier>{55900c6f-289d-45b5-8510-78a8e9dcc28b}</UniqueIdentifier>
    </Filter>
    <Filter Include="Source Files\Rendering\D3D">
      <UniqueIdentifier>{3df6d9eb-2e9b-4e14-9e67-1599610f31c5}</UniqueIdentifier>
    </Filter>
    <Filter Include="Header Files\Math">
      <UniqueIdentifier>{6fbd4fb8-407c-48df-b045-2406fd2c3477}</UniqueIdentifier>
    </Filter>
    <Filter Include="Source Files\Math">
      <UniqueIdentifier>{4e8ec7bd-4963-4191-9b3f-89de09e76bc2}</UniqueIdentifier>
    </Filter>
    <Filter Include="Source Files\Time">
      <UniqueIdentifier>{e94e9983-5010-4471-9d46-3bc89afa8943}</UniqueIdentifier>
    </Filter>
    <Filter Include="Header Files\Time">
      <UniqueIdentifier>{d94ac8af-b78d-428b-9da9-7415dbcc0ce6}</UniqueIdentifier>
    </Filter>
    <Filter Include="Header Files\Input">
      <UniqueIdentifier>{1bdf4a11-02ab-4495-b2b6-ec63da7d11a2}</UniqueIdentifier>
    </Filter>
    <Filter Include="Source Files\Input">
      <UniqueIdentifier>{42d8c866-cf03-4577-8efa-4403694ac544}</UniqueIdentifier>
    </Filter>
  </ItemGroup>
  <ItemGroup>
    <Text Include="ReadMe.txt" />
    <Text Include="Models\sphere.obj">
      <Filter>Models</Filter>
    </Text>
  </ItemGroup>
  <ItemGroup>
    <ClInclude Include="main.h">
      <Filter>Header Files</Filter>
    </ClInclude>
    <ClInclude Include="float3.h">
      <Filter>Header Files\Math</Filter>
    </ClInclude>
    <ClInclude Include="float4.h">
      <Filter>Header Files\Math</Filter>
    </ClInclude>
    <ClInclude Include="float2.h">
      <Filter>Header Files\Math</Filter>
    </ClInclude>
    <ClInclude Include="float4x4.h">
      <Filter>Header Files\Math</Filter>
    </ClInclude>
    <ClInclude Include="BaseResource.h">
      <Filter>Header Files\Rendering</Filter>
    </ClInclude>
    <ClInclude Include="Camera.h">
      <Filter>Header Files\Rendering</Filter>
    </ClInclude>
    <ClInclude Include="DrawableObject.h">
      <Filter>Header Files\Rendering</Filter>
    </ClInclude>
    <ClInclude Include="Framework.h">
      <Filter>Header Files\Rendering</Filter>
    </ClInclude>
    <ClInclude Include="GBuffer.h">
      <Filter>Header Files\Rendering</Filter>
    </ClInclude>
    <ClInclude Include="targetver.h">
      <Filter>Header Files\Rendering</Filter>
    </ClInclude>
    <ClInclude Include="Terrain.h">
      <Filter>Header Files\Terrain</Filter>
    </ClInclude>
    <ClInclude Include="BaseDrawable.h">
      <Filter>Header Files\Rendering</Filter>
    </ClInclude>
    <ClInclude Include="TerrainTile.h">
      <Filter>Header Files\Terrain</Filter>
    </ClInclude>
    <ClInclude Include="Material.h">
      <Filter>Header Files\Rendering</Filter>
    </ClInclude>
    <ClInclude Include="LinearAlgebra.h">
      <Filter>Header Files\Math</Filter>
    </ClInclude>
    <ClInclude Include="Mesh.h">
      <Filter>Header Files\Rendering\D3D</Filter>
    </ClInclude>
    <ClInclude Include="PixelShader.h">
      <Filter>Header Files\Rendering\D3D</Filter>
    </ClInclude>
    <ClInclude Include="RenderContext.h">
      <Filter>Header Files\Rendering\D3D</Filter>
    </ClInclude>
    <ClInclude Include="Sampler.h">
      <Filter>Header Files\Rendering\D3D</Filter>
    </ClInclude>
    <ClInclude Include="Texture.h">
      <Filter>Header Files\Rendering\D3D</Filter>
    </ClInclude>
    <ClInclude Include="VertexShader.h">
      <Filter>Header Files\Rendering\D3D</Filter>
    </ClInclude>
    <ClInclude Include="RenderTarget.h">
      <Filter>Header Files\Rendering\D3D</Filter>
    </ClInclude>
    <ClInclude Include="Resource.h">
      <Filter>Header Files</Filter>
    </ClInclude>
    <ClInclude Include="ConstantBuffer.h">
      <Filter>Header Files\Rendering\D3D</Filter>
    </ClInclude>
    <ClInclude Include="ComputeShader.h">
      <Filter>Header Files\Rendering\D3D</Filter>
    </ClInclude>
    <ClInclude Include="DeferredRenderer.h">
      <Filter>Header Files\Rendering\Renderer Systems</Filter>
    </ClInclude>
    <ClInclude Include="DepthPyramidRenderer.h">
      <Filter>Header Files\Rendering\Renderer Systems</Filter>
    </ClInclude>
    <ClInclude Include="DirectLightingRenderer.h">
      <Filter>Header Files\Rendering\Renderer Systems</Filter>
    </ClInclude>
    <ClInclude Include="IndirectLightingRenderer.h">
      <Filter>Header Files\Rendering\Renderer Systems</Filter>
    </ClInclude>
    <ClInclude Include="LightComposeRenderer.h">
      <Filter>Header Files\Rendering\Renderer Systems</Filter>
    </ClInclude>
    <ClInclude Include="ReflectionRenderer.h">
      <Filter>Header Files\Rendering\Renderer Systems</Filter>
    </ClInclude>
    <ClInclude Include="PostProcessRenderer.h">
      <Filter>Header Files\Rendering\Renderer Systems</Filter>
    </ClInclude>
    <ClInclude Include="ShadowRenderer.h">
      <Filter>Header Files\Rendering\Renderer Systems</Filter>
    </ClInclude>
    <ClInclude Include="TAARenderer.h">
      <Filter>Header Files\Rendering\Renderer Systems</Filter>
    </ClInclude>
    <ClInclude Include="DDSTextureLoader.h">
      <Filter>Header Files\Rendering\D3D</Filter>
    </ClInclude>
    <ClInclude Include="DepthStencilTarget.h">
      <Filter>Header Files\Rendering\D3D</Filter>
    </ClInclude>
    <ClInclude Include="Time.h">
      <Filter>Header Files\Time</Filter>
    </ClInclude>
    <ClInclude Include="Timer.h">
      <Filter>Header Files\Time</Filter>
    </ClInclude>
    <ClInclude Include="Input.h">
      <Filter>Header Files\Input</Filter>
    </ClInclude>
    <ClInclude Include="InputListener.h">
      <Filter>Header Files\Input</Filter>
    </ClInclude>
    <ClInclude Include="Window.h">
      <Filter>Header Files\Rendering</Filter>
    </ClInclude>
  </ItemGroup>
  <ItemGroup>
    <ClCompile Include="main.cpp">
      <Filter>Source Files</Filter>
    </ClCompile>
    <ClCompile Include="DrawableObject.cpp">
      <Filter>Source Files\Rendering</Filter>
    </ClCompile>
    <ClCompile Include="Framework.cpp">
      <Filter>Source Files\Rendering</Filter>
    </ClCompile>
    <ClCompile Include="GBuffer.cpp">
      <Filter>Source Files\Rendering</Filter>
    </ClCompile>
    <ClCompile Include="Terrain.cpp">
      <Filter>Source Files\Terrain</Filter>
    </ClCompile>
    <ClCompile Include="TerrainTile.cpp">
      <Filter>Source Files\Terrain</Filter>
    </ClCompile>
    <ClCompile Include="Material.cpp">
      <Filter>Source Files\Rendering</Filter>
    </ClCompile>
    <ClCompile Include="DeferredRenderer.cpp">
      <Filter>Source Files\Rendering\Render Systems</Filter>
    </ClCompile>
    <ClCompile Include="DepthPyramidRenderer.cpp">
      <Filter>Source Files\Rendering\Render Systems</Filter>
    </ClCompile>
    <ClCompile Include="DirectLightingRenderer.cpp">
      <Filter>Source Files\Rendering\Render Systems</Filter>
    </ClCompile>
    <ClCompile Include="IndirectLightingRenderer.cpp">
      <Filter>Source Files\Rendering\Render Systems</Filter>
    </ClCompile>
    <ClCompile Include="LightComposeRenderer.cpp">
      <Filter>Source Files\Rendering\Render Systems</Filter>
    </ClCompile>
    <ClCompile Include="PostProcessRenderer.cpp">
      <Filter>Source Files\Rendering\Render Systems</Filter>
    </ClCompile>
    <ClCompile Include="ReflectionRenderer.cpp">
      <Filter>Source Files\Rendering\Render Systems</Filter>
    </ClCompile>
    <ClCompile Include="ShadowRenderer.cpp">
      <Filter>Source Files\Rendering\Render Systems</Filter>
    </ClCompile>
    <ClCompile Include="TAARenderer.cpp">
      <Filter>Source Files\Rendering\Render Systems</Filter>
    </ClCompile>
    <ClCompile Include="ComputeShader.cpp">
      <Filter>Source Files\Rendering\D3D</Filter>
    </ClCompile>
    <ClCompile Include="ConstantBuffer.cpp">
      <Filter>Source Files\Rendering\D3D</Filter>
    </ClCompile>
    <ClCompile Include="DDSTextureLoader.cpp">
      <Filter>Source Files\Rendering\D3D</Filter>
    </ClCompile>
    <ClCompile Include="VertexShader.cpp">
      <Filter>Source Files\Rendering\D3D</Filter>
    </ClCompile>
    <ClCompile Include="Mesh.cpp">
      <Filter>Source Files\Rendering\D3D</Filter>
    </ClCompile>
    <ClCompile Include="PixelShader.cpp">
      <Filter>Source Files\Rendering\D3D</Filter>
    </ClCompile>
    <ClCompile Include="RenderContext.cpp">
      <Filter>Source Files\Rendering\D3D</Filter>
    </ClCompile>
    <ClCompile Include="RenderTarget.cpp">
      <Filter>Source Files\Rendering\D3D</Filter>
    </ClCompile>
    <ClCompile Include="Sampler.cpp">
      <Filter>Source Files\Rendering\D3D</Filter>
    </ClCompile>
    <ClCompile Include="Texture.cpp">
      <Filter>Source Files\Rendering\D3D</Filter>
    </ClCompile>
    <ClCompile Include="Camera.cpp">
      <Filter>Source Files\Rendering</Filter>
    </ClCompile>
    <ClCompile Include="DepthStencilTarget.cpp">
      <Filter>Source Files\Rendering\D3D</Filter>
    </ClCompile>
    <ClCompile Include="Time.cpp">
      <Filter>Source Files\Time</Filter>
    </ClCompile>
    <ClCompile Include="Timer.cpp">
      <Filter>Source Files\Time</Filter>
    </ClCompile>
    <ClCompile Include="Input.cpp">
      <Filter>Source Files\Input</Filter>
    </ClCompile>
    <ClCompile Include="InputListener.cpp">
      <Filter>Source Files\Input</Filter>
    </ClCompile>
    <ClCompile Include="Window.cpp">
      <Filter>Source Files\Rendering</Filter>
    </ClCompile>
  </ItemGroup>
  <ItemGroup>
    <ResourceCompile Include="md3dframework.rc">
      <Filter>Resource Files</Filter>
    </ResourceCompile>
  </ItemGroup>
  <ItemGroup>
    <Image Include="small.ico">
      <Filter>Resource Files</Filter>
    </Image>
    <Image Include="md3dframework.ico">
      <Filter>Resource Files</Filter>
    </Image>
    <Image Include="Textures\photosculpt-squarebricks-ambientocclusion.dds">
      <Filter>Textures</Filter>
    </Image>
    <Image Include="Textures\photosculpt-squarebricks-depth.dds">
      <Filter>Textures</Filter>
    </Image>
    <Image Include="Textures\photosculpt-squarebricks-diffuse.dds">
      <Filter>Textures</Filter>
    </Image>
    <Image Include="Textures\photosculpt-squarebricks-normal.dds">
      <Filter>Textures</Filter>
    </Image>
    <Image Include="Textures\photosculpt-squarebricks-specular.dds">
      <Filter>Textures</Filter>
    </Image>
  </ItemGroup>
  <ItemGroup>
    <FxCompile Include="Shaders\BasicFragmentShader.hlsl">
      <Filter>Shaders</Filter>
    </FxCompile>
    <FxCompile Include="Shaders\BasicVertexShader.hlsl">
      <Filter>Shaders</Filter>
    </FxCompile>
    <FxCompile Include="Shaders\DepthPyramidCompute.hlsl">
      <Filter>Shaders</Filter>
    </FxCompile>
    <FxCompile Include="Shaders\DirectLightingCompute.hlsl">
      <Filter>Shaders</Filter>
    </FxCompile>
    <FxCompile Include="Shaders\FullScreenQuadPixelShader.hlsl">
      <Filter>Shaders</Filter>
    </FxCompile>
    <FxCompile Include="Shaders\FullScreenQuadVertexShader.hlsl">
      <Filter>Shaders</Filter>
    </FxCompile>
    <FxCompile Include="Shaders\IndirectLightingCompute.hlsl">
      <Filter>Shaders</Filter>
    </FxCompile>
    <FxCompile Include="Shaders\PostProcessCompute.hlsl">
      <Filter>Shaders</Filter>
    </FxCompile>
    <FxCompile Include="Shaders\ReflectionCompute.hlsl">
      <Filter>Shaders</Filter>
    </FxCompile>
    <FxCompile Include="Shaders\TemporalAACompute.hlsl">
      <Filter>Shaders</Filter>
    </FxCompile>
    <FxCompile Include="Shaders\LightComposeCompute.hlsl">
      <Filter>Shaders</Filter>
    </FxCompile>
    <FxCompile Include="Shaders\CopyCompute.hlsl">
      <Filter>Shaders</Filter>
    </FxCompile>
  </ItemGroup>
  <ItemGroup>
    <None Include="Shaders\LibLight.hlsli">
      <Filter>Shaders</Filter>
    </None>
    <None Include="Shaders\LibHelper.hlsli">
      <Filter>Shaders</Filter>
    </None>
  </ItemGroup>
</Project>