<?xml version="1.0" encoding="utf-8"?>
<Project ToolsVersion="4.0" xmlns="http://schemas.microsoft.com/developer/msbuild/2003">
  <ItemGroup>
    <Filter Include="Source Files">
      <UniqueIdentifier>{4FC737F1-C7A5-4376-A066-2A32D752A2FF}</UniqueIdentifier>
      <Extensions>cpp;c;cc;cxx;def;odl;idl;hpj;bat;asm;asmx</Extensions>
    </Filter>
    <Filter Include="Header Files">
      <UniqueIdentifier>{93995380-89BD-4b04-88EB-625FBE52EBFB}</UniqueIdentifier>
      <Extensions>h;hh;hpp;hxx;hm;inl;inc;xsd</Extensions>
    </Filter>
    <Filter Include="Resource Files">
      <UniqueIdentifier>{67DA6AB6-F800-4c08-8B7A-83BB121AAD01}</UniqueIdentifier>
      <Extensions>rc;ico;cur;bmp;dlg;rc2;rct;bin;rgs;gif;jpg;jpeg;jpe;resx;tiff;tif;png;wav;mfcribbon-ms</Extensions>
    </Filter>
    <Filter Include="Resource Files\Textures">
      <UniqueIdentifier>{a32084c6-ab1a-47d2-8261-0ddceff44bd6}</UniqueIdentifier>
    </Filter>
    <Filter Include="Resource Files\Models">
      <UniqueIdentifier>{d218d989-d4fa-4b93-aa82-e9e34434377b}</UniqueIdentifier>
    </Filter>
    <Filter Include="Resource Files\Shaders">
      <UniqueIdentifier>{3a4c680c-8e28-4f76-a8ae-4cc3377f6613}</UniqueIdentifier>
    </Filter>
  </ItemGroup>
  <ItemGroup>
    <ClInclude Include="TerrainEditor.h">
      <Filter>Header Files</Filter>
    </ClInclude>
    <ClInclude Include="PaintTool.h">
      <Filter>Header Files</Filter>
    </ClInclude>
    <ClInclude Include="Brush.h">
      <Filter>Header Files</Filter>
    </ClInclude>
    <ClInclude Include="BrushLibrary.h">
      <Filter>Header Files</Filter>
    </ClInclude>
    <ClInclude Include="WaterTile.h">
      <Filter>Header Files</Filter>
    </ClInclude>
    <ClInclude Include="Water.h">
      <Filter>Header Files</Filter>
    </ClInclude>
    <ClInclude Include="Layer.h">
      <Filter>Header Files</Filter>
    </ClInclude>
    <ClInclude Include="Terrain.h">
      <Filter>Header Files</Filter>
    </ClInclude>
    <ClInclude Include="TerrainTile.h">
      <Filter>Header Files</Filter>
    </ClInclude>
    <ClInclude Include="SimpleHeightFlow.h">
      <Filter>Header Files</Filter>
    </ClInclude>
    <ClInclude Include="LayerStack.h">
      <Filter>Header Files</Filter>
    </ClInclude>
  </ItemGroup>
  <ItemGroup>
    <ClCompile Include="TerrainEditor.cpp">
      <Filter>Source Files</Filter>
    </ClCompile>
    <ClCompile Include="PaintTool.cpp">
      <Filter>Source Files</Filter>
    </ClCompile>
    <ClCompile Include="Brush.cpp">
      <Filter>Source Files</Filter>
    </ClCompile>
    <ClCompile Include="BrushLibrary.cpp">
      <Filter>Source Files</Filter>
    </ClCompile>
    <ClCompile Include="WaterTile.cpp">
      <Filter>Source Files</Filter>
    </ClCompile>
    <ClCompile Include="Water.cpp">
      <Filter>Source Files</Filter>
    </ClCompile>
    <ClCompile Include="Layer.cpp">
      <Filter>Source Files</Filter>
    </ClCompile>
    <ClCompile Include="Terrain.cpp">
      <Filter>Source Files</Filter>
    </ClCompile>
    <ClCompile Include="TerrainTile.cpp">
      <Filter>Source Files</Filter>
    </ClCompile>
    <ClCompile Include="SimpleHeightFlow.cpp">
      <Filter>Source Files</Filter>
    </ClCompile>
    <ClCompile Include="LayerStack.cpp">
      <Filter>Source Files</Filter>
    </ClCompile>
  </ItemGroup>
  <ItemGroup>
    <Image Include="Textures\photosculpt-squarebricks-ambientocclusion.dds">
      <Filter>Resource Files\Textures</Filter>
    </Image>
    <Image Include="Textures\photosculpt-squarebricks-depth.dds">
      <Filter>Resource Files\Textures</Filter>
    </Image>
    <Image Include="Textures\photosculpt-squarebricks-diffuse.dds">
      <Filter>Resource Files\Textures</Filter>
    </Image>
    <Image Include="Textures\photosculpt-squarebricks-normal.dds">
      <Filter>Resource Files\Textures</Filter>
    </Image>
    <Image Include="Textures\photosculpt-squarebricks-specular.dds">
      <Filter>Resource Files\Textures</Filter>
    </Image>
  </ItemGroup>
  <ItemGroup>
    <Object Include="Models\sphere.obj">
      <Filter>Resource Files\Models</Filter>
    </Object>
  </ItemGroup>
  <ItemGroup>
    <FxCompile Include="Shaders\TerrainFragmentShader.hlsl">
      <Filter>Resource Files\Shaders</Filter>
    </FxCompile>
    <FxCompile Include="Shaders\TerrainVertexShader.hlsl">
      <Filter>Resource Files\Shaders</Filter>
    </FxCompile>
    <FxCompile Include="Shaders\BrushBasicShader.hlsl">
      <Filter>Resource Files\Shaders</Filter>
    </FxCompile>
    <FxCompile Include="Shaders\BrushNoiseShader.hlsl">
      <Filter>Resource Files\Shaders</Filter>
    </FxCompile>
    <FxCompile Include="Shaders\LibSimplexNoiseShader.hlsli">
      <Filter>Resource Files\Shaders</Filter>
    </FxCompile>
    <FxCompile Include="Shaders\BrushSmoothShader.hlsl">
      <Filter>Resource Files\Shaders</Filter>
    </FxCompile>
    <FxCompile Include="Shaders\UpdateFlux.hlsl">
      <Filter>Resource Files\Shaders</Filter>
    </FxCompile>
    <FxCompile Include="Shaders\UpdateWater.hlsl">
      <Filter>Resource Files\Shaders</Filter>
    </FxCompile>
    <FxCompile Include="Shaders\UpdateFluxBorder.hlsl">
      <Filter>Resource Files\Shaders</Filter>
    </FxCompile>
    <FxCompile Include="Shaders\UpdateWaterBorder.hlsl">
      <Filter>Resource Files\Shaders</Filter>
    </FxCompile>
    <FxCompile Include="Shaders\TerrainShadowFragmentShader.hlsl">
      <Filter>Resource Files\Shaders</Filter>
    </FxCompile>
    <FxCompile Include="Shaders\TerrainShadowVertexShader.hlsl">
      <Filter>Resource Files\Shaders</Filter>
    </FxCompile>
    <FxCompile Include="Shaders\TerrainUpdateNormalShader.hlsl">
      <Filter>Resource Files\Shaders</Filter>
    </FxCompile>
    <FxCompile Include="Shaders\UpdateSimpleHeightFlow.hlsl">
      <Filter>Resource Files\Shaders</Filter>
    </FxCompile>
    <FxCompile Include="Shaders\LibFluid.hlsl">
      <Filter>Resource Files\Shaders</Filter>
    </FxCompile>
    <FxCompile Include="Shaders\UpdateSimpleHeightFlowBorder.hlsl">
      <Filter>Resource Files\Shaders</Filter>
    </FxCompile>
  </ItemGroup>
  <ItemGroup>
    <Text Include="ReadMe.txt" />
  </ItemGroup>
</Project>